
Microsoft Visual Studio Solution File, Format Version 12.00
# Visual Studio 15
VisualStudioVersion = 15.0.27130.2010
MinimumVisualStudioVersion = 10.0.40219.1
Project("{9A19103F-16F7-4668-BE54-9A1E7A4F7556}") = "ImageResizeWebApp", "ImageResizeWebApp\ImageResizeWebApp.csproj", "{2D9BD5DF-DC9A-4A10-B96D-CDC923D1A54A}"
EndProject
Project("{E53339B2-1760-4266-BCC7-CA923CBCF16C}") = "docker-compose", "docker-compose.dcproj", "{81A119BC-ACFE-4B27-BF05-39A12EB1FA54}"
EndProject
Global
	GlobalSection(SolutionConfigurationPlatforms) = preSolution
		Debug|Any CPU = Debug|Any CPU
		Release|Any CPU = Release|Any CPU
	EndGlobalSection
	GlobalSection(ProjectConfigurationPlatforms) = postSolution
		{2D9BD5DF-DC9A-4A10-B96D-CDC923D1A54A}.Debug|Any CPU.ActiveCfg = Debug|Any CPU
		{2D9BD5DF-DC9A-4A10-B96D-CDC923D1A54A}.Debug|Any CPU.Build.0 = Debug|Any CPU
		{2D9BD5DF-DC9A-4A10-B96D-CDC923D1A54A}.Release|Any CPU.ActiveCfg = Release|Any CPU
		{2D9BD5DF-DC9A-4A10-B96D-CDC923D1A54A}.Release|Any CPU.Build.0 = Release|Any CPU
		{81A119BC-ACFE-4B27-BF05-39A12EB1FA54}.Debug|Any CPU.ActiveCfg = Debug|Any CPU
		{81A119BC-ACFE-4B27-BF05-39A12EB1FA54}.Debug|Any CPU.Build.0 = Debug|Any CPU
		{81A119BC-ACFE-4B27-BF05-39A12EB1FA54}.Release|Any CPU.ActiveCfg = Release|Any CPU
		{81A119BC-ACFE-4B27-BF05-39A12EB1FA54}.Release|Any CPU.Build.0 = Release|Any CPU
	EndGlobalSection
	GlobalSection(SolutionProperties) = preSolution
		HideSolutionNode = FALSE
	EndGlobalSection
	GlobalSection(ExtensibilityGlobals) = postSolution
		SolutionGuid = {5AA6AD95-24AE-4B61-9977-8F06ABBB6389}
	EndGlobalSection
EndGlobal
